
Microsoft Visual Studio Solution File, Format Version 12.00
# Visual Studio Version 16
VisualStudioVersion = 16.0.30128.74
MinimumVisualStudioVersion = 10.0.40219.1
Project("{9A19103F-16F7-4668-BE54-9A1E7A4F7556}") = "JJ.DevOps.AddTime", "src\JJ.DevOps.AddTime.csproj", "{23ED5C14-D042-4846-A90F-03A88B40E5FF}"
EndProject
Project("{2150E333-8FDC-42A3-9474-1A3956D46DE8}") = "build", "build", "{9F36E8C9-62E8-4C6F-B578-67CD6CD551B0}"
	ProjectSection(SolutionItems) = preProject
		build\docker_release.ps1 = build\docker_release.ps1
		build\Dockerfile = build\Dockerfile
	EndProjectSection
EndProject
Project("{2150E333-8FDC-42A3-9474-1A3956D46DE8}") = "src", "src", "{38905ED6-AFE7-40EC-AB72-B8C758E5E578}"
EndProject
Global
	GlobalSection(SolutionConfigurationPlatforms) = preSolution
		Debug|Any CPU = Debug|Any CPU
		Release|Any CPU = Release|Any CPU
	EndGlobalSection
	GlobalSection(ProjectConfigurationPlatforms) = postSolution
		{23ED5C14-D042-4846-A90F-03A88B40E5FF}.Debug|Any CPU.ActiveCfg = Debug|Any CPU
		{23ED5C14-D042-4846-A90F-03A88B40E5FF}.Debug|Any CPU.Build.0 = Debug|Any CPU
		{23ED5C14-D042-4846-A90F-03A88B40E5FF}.Release|Any CPU.ActiveCfg = Release|Any CPU
		{23ED5C14-D042-4846-A90F-03A88B40E5FF}.Release|Any CPU.Build.0 = Release|Any CPU
	EndGlobalSection
	GlobalSection(SolutionProperties) = preSolution
		HideSolutionNode = FALSE
	EndGlobalSection
	GlobalSection(NestedProjects) = preSolution
		{23ED5C14-D042-4846-A90F-03A88B40E5FF} = {38905ED6-AFE7-40EC-AB72-B8C758E5E578}
	EndGlobalSection
	GlobalSection(ExtensibilityGlobals) = postSolution
		SolutionGuid = {9BFB7EAE-06C7-42A5-9315-4C01B443C041}
	EndGlobalSection
EndGlobal
